
Microsoft Visual Studio Solution File, Format Version 12.00
# Visual Studio 14
VisualStudioVersion = 14.0.25420.1
MinimumVisualStudioVersion = 10.0.40219.1
Project("{FAE04EC0-301F-11D3-BF4B-00C04F79EFBC}") = "TP1Etu", "TP1Etu\TP1Etu.csproj", "{AC07B2E7-CBF6-4576-A758-A00EE4619B95}"
EndProject
Project("{2150E333-8FDC-42A3-9474-1A3956D46DE8}") = "Solution Items", "Solution Items", "{140312D7-65B8-449B-BADE-996AC4E81FE4}"
	ProjectSection(SolutionItems) = preProject
		..\..\..\..\Desktop\GourmetRace.wav = ..\..\..\..\Desktop\GourmetRace.wav
		..\..\..\..\Desktop\KirbyDeath.wav = ..\..\..\..\Desktop\KirbyDeath.wav
		..\..\..\..\Desktop\KirbyHi.wav = ..\..\..\..\Desktop\KirbyHi.wav
	EndProjectSection
EndProject
Global
	GlobalSection(SolutionConfigurationPlatforms) = preSolution
		Debug|Any CPU = Debug|Any CPU
		Release|Any CPU = Release|Any CPU
	EndGlobalSection
	GlobalSection(ProjectConfigurationPlatforms) = postSolution
		{AC07B2E7-CBF6-4576-A758-A00EE4619B95}.Debug|Any CPU.ActiveCfg = Debug|Any CPU
		{AC07B2E7-CBF6-4576-A758-A00EE4619B95}.Debug|Any CPU.Build.0 = Debug|Any CPU
		{AC07B2E7-CBF6-4576-A758-A00EE4619B95}.Release|Any CPU.ActiveCfg = Release|Any CPU
		{AC07B2E7-CBF6-4576-A758-A00EE4619B95}.Release|Any CPU.Build.0 = Release|Any CPU
	EndGlobalSection
	GlobalSection(SolutionProperties) = preSolution
		HideSolutionNode = FALSE
	EndGlobalSection
EndGlobal
